# This file is automatically @generated by Poetry 1.8.2 and should not be changed by hand.

[[package]]
name = "einops"
version = "0.8.0"
description = "A new flavour of deep learning operations"
optional = false
python-versions = ">=3.8"
files = [
    {file = "einops-0.8.0-py3-none-any.whl", hash = "sha256:9572fb63046264a862693b0a87088af3bdc8c068fde03de63453cbbde245465f"},
    {file = "einops-0.8.0.tar.gz", hash = "sha256:63486517fed345712a8385c100cb279108d9d47e6ae59099b07657e983deae85"},
]

[metadata]
lock-version = "2.0"
python-versions = "^3.10"
content-hash = "19ff9eb5ae13f4104a3d551214e6c28da3b858bf2c62e3d43596f9b64102a032"
